{
  "version": 4,
  "terraform_version": "0.12.24",
  "serial": 19,
  "lineage": "e078e1a5-a80e-e38c-7f3f-3534167f2565",
  "outputs": {},
  "resources": [
    {
      "mode": "managed",
      "type": "azurerm_network_interface",
      "name": "test_vm_nic",
      "provider": "provider.azurerm",
      "instances": [
        {
          "schema_version": 0,
          "attributes": {
            "applied_dns_servers": [],
            "dns_servers": [],
            "enable_accelerated_networking": false,
            "enable_ip_forwarding": false,
            "id": "/subscriptions/08ba320e-8303-4322-98bf-fbf98499bd7c/resourceGroups/first_resource_group/providers/Microsoft.Network/networkInterfaces/learning_dev_test_nic",
            "internal_dns_name_label": "",
            "ip_configuration": [
              {
                "name": "learning_dev_test_ip",
                "primary": true,
                "private_ip_address": "10.0.0.4",
                "private_ip_address_allocation": "Dynamic",
                "private_ip_address_version": "IPv4",
                "public_ip_address_id": "/subscriptions/08ba320e-8303-4322-98bf-fbf98499bd7c/resourceGroups/first_resource_group/providers/Microsoft.Network/publicIPAddresses/learning_dev_test_vm_ip",
                "subnet_id": "/subscriptions/08ba320e-8303-4322-98bf-fbf98499bd7c/resourceGroups/first_resource_group/providers/Microsoft.Network/virtualNetworks/first_vpc/subnets/public0"
              }
            ],
            "location": "westus",
            "mac_address": "",
            "name": "learning_dev_test_nic",
            "private_ip_address": "10.0.0.4",
            "private_ip_addresses": [
              "10.0.0.4"
            ],
            "resource_group_name": "first_resource_group",
            "tags": {
              "Application": "learning",
              "Creator": "Terraform",
              "Environment": "dev",
              "Name": "test vm nic"
            },
            "timeouts": null,
            "virtual_machine_id": ""
          },
          "private": "eyJlMmJmYjczMC1lY2FhLTExZTYtOGY4OC0zNDM2M2JjN2M0YzAiOnsiY3JlYXRlIjoxODAwMDAwMDAwMDAwLCJkZWxldGUiOjE4MDAwMDAwMDAwMDAsInJlYWQiOjMwMDAwMDAwMDAwMCwidXBkYXRlIjoxODAwMDAwMDAwMDAwfX0=",
          "dependencies": [
            "azurerm_public_ip.test_ip",
            "azurerm_resource_group.first_rg",
            "azurerm_subnet.subnet_0"
          ]
        }
      ]
    },
    {
      "mode": "managed",
      "type": "azurerm_network_security_group",
      "name": "test_vm_sg",
      "provider": "provider.azurerm",
      "instances": [
        {
          "schema_version": 0,
          "attributes": {
            "id": "/subscriptions/08ba320e-8303-4322-98bf-fbf98499bd7c/resourceGroups/first_resource_group/providers/Microsoft.Network/networkSecurityGroups/learning_dev_test_sg",
            "location": "westus",
            "name": "learning_dev_test_sg",
            "resource_group_name": "first_resource_group",
            "security_rule": [
              {
                "access": "Allow",
                "description": "",
                "destination_address_prefix": "*",
                "destination_address_prefixes": [],
                "destination_application_security_group_ids": [],
                "destination_port_range": "22",
                "destination_port_ranges": [],
                "direction": "Inbound",
                "name": "ssh",
                "priority": 1001,
                "protocol": "Tcp",
                "source_address_prefix": "104.172.161.115/32",
                "source_address_prefixes": [],
                "source_application_security_group_ids": [],
                "source_port_range": "*",
                "source_port_ranges": []
              }
            ],
            "tags": {
              "Application": "learning",
              "Creator": "Terraform",
              "Environment": "dev",
              "Name": "first security group"
            },
            "timeouts": null
          },
          "private": "eyJlMmJmYjczMC1lY2FhLTExZTYtOGY4OC0zNDM2M2JjN2M0YzAiOnsiY3JlYXRlIjoxODAwMDAwMDAwMDAwLCJkZWxldGUiOjE4MDAwMDAwMDAwMDAsInJlYWQiOjMwMDAwMDAwMDAwMCwidXBkYXRlIjoxODAwMDAwMDAwMDAwfX0=",
          "dependencies": [
            "azurerm_resource_group.first_rg"
          ]
        }
      ]
    },
    {
      "mode": "managed",
      "type": "azurerm_public_ip",
      "name": "test_ip",
      "provider": "provider.azurerm",
      "instances": [
        {
          "schema_version": 0,
          "attributes": {
            "allocation_method": "Static",
            "domain_name_label": null,
            "fqdn": null,
            "id": "/subscriptions/08ba320e-8303-4322-98bf-fbf98499bd7c/resourceGroups/first_resource_group/providers/Microsoft.Network/publicIPAddresses/learning_dev_test_vm_ip",
            "idle_timeout_in_minutes": 4,
            "ip_address": "104.210.62.204",
            "ip_version": "IPv4",
            "location": "westus",
            "name": "learning_dev_test_vm_ip",
            "public_ip_prefix_id": null,
            "resource_group_name": "first_resource_group",
            "reverse_fqdn": null,
            "sku": "Basic",
            "tags": {
              "Application": "learning",
              "Creator": "Terraform",
              "Environment": "dev",
              "Name": "test ip"
            },
            "timeouts": null,
            "zones": []
          },
          "private": "eyJlMmJmYjczMC1lY2FhLTExZTYtOGY4OC0zNDM2M2JjN2M0YzAiOnsiY3JlYXRlIjoxODAwMDAwMDAwMDAwLCJkZWxldGUiOjE4MDAwMDAwMDAwMDAsInJlYWQiOjMwMDAwMDAwMDAwMCwidXBkYXRlIjoxODAwMDAwMDAwMDAwfX0=",
          "dependencies": [
            "azurerm_resource_group.first_rg"
          ]
        }
      ]
    },
    {
      "mode": "managed",
      "type": "azurerm_resource_group",
      "name": "first_rg",
      "provider": "provider.azurerm",
      "instances": [
        {
          "schema_version": 0,
          "attributes": {
            "id": "/subscriptions/08ba320e-8303-4322-98bf-fbf98499bd7c/resourceGroups/first_resource_group",
            "location": "westus",
            "name": "first_resource_group",
            "tags": {
              "Application": "learning",
              "Creator": "Terraform",
              "Environment": "dev",
              "Name": "first resource group"
            },
            "timeouts": null
          },
          "private": "eyJlMmJmYjczMC1lY2FhLTExZTYtOGY4OC0zNDM2M2JjN2M0YzAiOnsiY3JlYXRlIjo1NDAwMDAwMDAwMDAwLCJkZWxldGUiOjU0MDAwMDAwMDAwMDAsInJlYWQiOjMwMDAwMDAwMDAwMCwidXBkYXRlIjo1NDAwMDAwMDAwMDAwfX0="
        }
      ]
    },
    {
      "mode": "managed",
      "type": "azurerm_subnet",
      "name": "subnet_0",
      "provider": "provider.azurerm",
      "instances": [
        {
          "schema_version": 0,
          "attributes": {
            "address_prefix": "10.0.0.0/24",
            "delegation": [],
            "enforce_private_link_endpoint_network_policies": false,
            "enforce_private_link_service_network_policies": false,
            "id": "/subscriptions/08ba320e-8303-4322-98bf-fbf98499bd7c/resourceGroups/first_resource_group/providers/Microsoft.Network/virtualNetworks/first_vpc/subnets/public0",
            "name": "public0",
            "resource_group_name": "first_resource_group",
            "service_endpoints": [],
            "timeouts": null,
            "virtual_network_name": "first_vpc"
          },
          "private": "eyJlMmJmYjczMC1lY2FhLTExZTYtOGY4OC0zNDM2M2JjN2M0YzAiOnsiY3JlYXRlIjoxODAwMDAwMDAwMDAwLCJkZWxldGUiOjE4MDAwMDAwMDAwMDAsInJlYWQiOjMwMDAwMDAwMDAwMCwidXBkYXRlIjoxODAwMDAwMDAwMDAwfX0=",
          "dependencies": [
            "azurerm_resource_group.first_rg",
            "azurerm_virtual_network.virtual_network_1"
          ]
        }
      ]
    },
    {
      "mode": "managed",
      "type": "azurerm_subnet",
      "name": "subnet_1",
      "provider": "provider.azurerm",
      "instances": [
        {
          "schema_version": 0,
          "attributes": {
            "address_prefix": "10.0.1.0/24",
            "delegation": [],
            "enforce_private_link_endpoint_network_policies": false,
            "enforce_private_link_service_network_policies": false,
            "id": "/subscriptions/08ba320e-8303-4322-98bf-fbf98499bd7c/resourceGroups/first_resource_group/providers/Microsoft.Network/virtualNetworks/first_vpc/subnets/public1",
            "name": "public1",
            "resource_group_name": "first_resource_group",
            "service_endpoints": [],
            "timeouts": null,
            "virtual_network_name": "first_vpc"
          },
          "private": "eyJlMmJmYjczMC1lY2FhLTExZTYtOGY4OC0zNDM2M2JjN2M0YzAiOnsiY3JlYXRlIjoxODAwMDAwMDAwMDAwLCJkZWxldGUiOjE4MDAwMDAwMDAwMDAsInJlYWQiOjMwMDAwMDAwMDAwMCwidXBkYXRlIjoxODAwMDAwMDAwMDAwfX0=",
          "dependencies": [
            "azurerm_resource_group.first_rg",
            "azurerm_virtual_network.virtual_network_1"
          ]
        }
      ]
    },
    {
      "mode": "managed",
      "type": "azurerm_subnet",
      "name": "subnet_2",
      "provider": "provider.azurerm",
      "instances": [
        {
          "schema_version": 0,
          "attributes": {
            "address_prefix": "10.0.2.0/24",
            "delegation": [],
            "enforce_private_link_endpoint_network_policies": false,
            "enforce_private_link_service_network_policies": false,
            "id": "/subscriptions/08ba320e-8303-4322-98bf-fbf98499bd7c/resourceGroups/first_resource_group/providers/Microsoft.Network/virtualNetworks/first_vpc/subnets/private2",
            "name": "private2",
            "resource_group_name": "first_resource_group",
            "service_endpoints": [],
            "timeouts": null,
            "virtual_network_name": "first_vpc"
          },
          "private": "eyJlMmJmYjczMC1lY2FhLTExZTYtOGY4OC0zNDM2M2JjN2M0YzAiOnsiY3JlYXRlIjoxODAwMDAwMDAwMDAwLCJkZWxldGUiOjE4MDAwMDAwMDAwMDAsInJlYWQiOjMwMDAwMDAwMDAwMCwidXBkYXRlIjoxODAwMDAwMDAwMDAwfX0=",
          "dependencies": [
            "azurerm_resource_group.first_rg",
            "azurerm_virtual_network.virtual_network_1"
          ]
        }
      ]
    },
    {
      "mode": "managed",
      "type": "azurerm_subnet",
      "name": "subnet_3",
      "provider": "provider.azurerm",
      "instances": [
        {
          "schema_version": 0,
          "attributes": {
            "address_prefix": "10.0.3.0/24",
            "delegation": [],
            "enforce_private_link_endpoint_network_policies": false,
            "enforce_private_link_service_network_policies": false,
            "id": "/subscriptions/08ba320e-8303-4322-98bf-fbf98499bd7c/resourceGroups/first_resource_group/providers/Microsoft.Network/virtualNetworks/first_vpc/subnets/private3",
            "name": "private3",
            "resource_group_name": "first_resource_group",
            "service_endpoints": [],
            "timeouts": null,
            "virtual_network_name": "first_vpc"
          },
          "private": "eyJlMmJmYjczMC1lY2FhLTExZTYtOGY4OC0zNDM2M2JjN2M0YzAiOnsiY3JlYXRlIjoxODAwMDAwMDAwMDAwLCJkZWxldGUiOjE4MDAwMDAwMDAwMDAsInJlYWQiOjMwMDAwMDAwMDAwMCwidXBkYXRlIjoxODAwMDAwMDAwMDAwfX0=",
          "dependencies": [
            "azurerm_resource_group.first_rg",
            "azurerm_virtual_network.virtual_network_1"
          ]
        }
      ]
    },
    {
      "mode": "managed",
      "type": "azurerm_virtual_network",
      "name": "virtual_network_1",
      "provider": "provider.azurerm",
      "instances": [
        {
          "schema_version": 0,
          "attributes": {
            "address_space": [
              "10.0.0.0/22"
            ],
            "ddos_protection_plan": [],
            "dns_servers": [],
            "id": "/subscriptions/08ba320e-8303-4322-98bf-fbf98499bd7c/resourceGroups/first_resource_group/providers/Microsoft.Network/virtualNetworks/first_vpc",
            "location": "westus",
            "name": "first_vpc",
            "resource_group_name": "first_resource_group",
            "subnet": [
              {
                "address_prefix": "10.0.0.0/24",
                "id": "/subscriptions/08ba320e-8303-4322-98bf-fbf98499bd7c/resourceGroups/first_resource_group/providers/Microsoft.Network/virtualNetworks/first_vpc/subnets/public0",
                "name": "public0",
                "security_group": ""
              },
              {
                "address_prefix": "10.0.1.0/24",
                "id": "/subscriptions/08ba320e-8303-4322-98bf-fbf98499bd7c/resourceGroups/first_resource_group/providers/Microsoft.Network/virtualNetworks/first_vpc/subnets/public1",
                "name": "public1",
                "security_group": ""
              },
              {
                "address_prefix": "10.0.2.0/24",
                "id": "/subscriptions/08ba320e-8303-4322-98bf-fbf98499bd7c/resourceGroups/first_resource_group/providers/Microsoft.Network/virtualNetworks/first_vpc/subnets/private2",
                "name": "private2",
                "security_group": ""
              },
              {
                "address_prefix": "10.0.3.0/24",
                "id": "/subscriptions/08ba320e-8303-4322-98bf-fbf98499bd7c/resourceGroups/first_resource_group/providers/Microsoft.Network/virtualNetworks/first_vpc/subnets/private3",
                "name": "private3",
                "security_group": ""
              }
            ],
            "tags": {
              "Application": "learning",
              "Creator": "Terraform",
              "Environment": "dev",
              "Name": "first resource group"
            },
            "timeouts": null
          },
          "private": "eyJlMmJmYjczMC1lY2FhLTExZTYtOGY4OC0zNDM2M2JjN2M0YzAiOnsiY3JlYXRlIjoxODAwMDAwMDAwMDAwLCJkZWxldGUiOjE4MDAwMDAwMDAwMDAsInJlYWQiOjMwMDAwMDAwMDAwMCwidXBkYXRlIjoxODAwMDAwMDAwMDAwfX0=",
          "dependencies": [
            "azurerm_resource_group.first_rg"
          ]
        }
      ]
    }
  ]
}
