{
  "version": 4,
  "terraform_version": "0.12.24",
  "serial": 9,
  "lineage": "469fc7f4-d4e5-99ac-772f-70639ace296b",
  "outputs": {},
  "resources": [
    {
      "mode": "managed",
      "type": "azurerm_resource_group",
      "name": "first_rg",
      "provider": "provider.azurerm",
      "instances": [
        {
          "schema_version": 0,
          "attributes": {
            "id": "/subscriptions/08ba320e-8303-4322-98bf-fbf98499bd7c/resourceGroups/first-resource-group",
            "location": "westus",
            "name": "first-resource-group",
            "tags": {
              "Application": "learning",
              "Creator": "Terraform",
              "Environment": "dev",
              "Name": "first resource group"
            },
            "timeouts": null
          },
          "private": "eyJlMmJmYjczMC1lY2FhLTExZTYtOGY4OC0zNDM2M2JjN2M0YzAiOnsiY3JlYXRlIjo1NDAwMDAwMDAwMDAwLCJkZWxldGUiOjU0MDAwMDAwMDAwMDAsInJlYWQiOjMwMDAwMDAwMDAwMCwidXBkYXRlIjo1NDAwMDAwMDAwMDAwfX0="
        }
      ]
    },
    {
      "mode": "managed",
      "type": "azurerm_virtual_network",
      "name": "virtual_network_1",
      "provider": "provider.azurerm",
      "instances": [
        {
          "schema_version": 0,
          "attributes": {
            "address_space": [
              "10.0.0.0/22"
            ],
            "ddos_protection_plan": [],
            "dns_servers": [],
            "id": "/subscriptions/08ba320e-8303-4322-98bf-fbf98499bd7c/resourceGroups/first-resource-group/providers/Microsoft.Network/virtualNetworks/first-vpc",
            "location": "westus",
            "name": "first-vpc",
            "resource_group_name": "first-resource-group",
            "subnet": [
              {
                "address_prefix": "10.0.0.0/24",
                "id": "/subscriptions/08ba320e-8303-4322-98bf-fbf98499bd7c/resourceGroups/first-resource-group/providers/Microsoft.Network/virtualNetworks/first-vpc/subnets/public0",
                "name": "public0",
                "security_group": ""
              },
              {
                "address_prefix": "10.0.1.0/24",
                "id": "/subscriptions/08ba320e-8303-4322-98bf-fbf98499bd7c/resourceGroups/first-resource-group/providers/Microsoft.Network/virtualNetworks/first-vpc/subnets/public1",
                "name": "public1",
                "security_group": ""
              },
              {
                "address_prefix": "10.0.2.0/24",
                "id": "/subscriptions/08ba320e-8303-4322-98bf-fbf98499bd7c/resourceGroups/first-resource-group/providers/Microsoft.Network/virtualNetworks/first-vpc/subnets/private2",
                "name": "private2",
                "security_group": ""
              },
              {
                "address_prefix": "10.0.3.0/24",
                "id": "/subscriptions/08ba320e-8303-4322-98bf-fbf98499bd7c/resourceGroups/first-resource-group/providers/Microsoft.Network/virtualNetworks/first-vpc/subnets/private3",
                "name": "private3",
                "security_group": ""
              }
            ],
            "tags": {
              "Application": "learning",
              "Creator": "Terraform",
              "Environment": "dev",
              "Name": "first resource group"
            },
            "timeouts": null
          },
          "private": "eyJlMmJmYjczMC1lY2FhLTExZTYtOGY4OC0zNDM2M2JjN2M0YzAiOnsiY3JlYXRlIjoxODAwMDAwMDAwMDAwLCJkZWxldGUiOjE4MDAwMDAwMDAwMDAsInJlYWQiOjMwMDAwMDAwMDAwMCwidXBkYXRlIjoxODAwMDAwMDAwMDAwfX0=",
          "dependencies": [
            "azurerm_resource_group.first_rg"
          ]
        }
      ]
    }
  ]
}
